// !$*UTF8*$!
{
	archiveVersion = 1;
	classes = {
	};
	objectVersion = 46;
	objects = {

/* Begin PBXBuildFile section */
		76B7AB0A20AA758200D02FA2 /* FMStarViewController.m in Sources */ = {isa = PBXBuildFile; fileRef = 76B7AB0920AA758200D02FA2 /* FMStarViewController.m */; };
		76B7AB1520AA77AE00D02FA2 /* CourseEvaluateListCell.m in Sources */ = {isa = PBXBuildFile; fileRef = 76B7AB0C20AA77AE00D02FA2 /* CourseEvaluateListCell.m */; };
		76B7AB1620AA77AE00D02FA2 /* UIImage+Rend.m in Sources */ = {isa = PBXBuildFile; fileRef = 76B7AB0F20AA77AE00D02FA2 /* UIImage+Rend.m */; };
		76B7AB1720AA77AE00D02FA2 /* UIImageView+Border.m in Sources */ = {isa = PBXBuildFile; fileRef = 76B7AB1120AA77AE00D02FA2 /* UIImageView+Border.m */; };
		76B7AB1820AA77AE00D02FA2 /* YLRatingView.m in Sources */ = {isa = PBXBuildFile; fileRef = 76B7AB1420AA77AE00D02FA2 /* YLRatingView.m */; };
		76F1EC6C20AC34D300AA36FB /* SpliceImageController.m in Sources */ = {isa = PBXBuildFile; fileRef = 76F1EC6B20AC34D300AA36FB /* SpliceImageController.m */; };
		76F1EC6E20AD2C9F00AA36FB /* DINEngschriftStd.ttf in Resources */ = {isa = PBXBuildFile; fileRef = 76F1EC6D20AD2C9E00AA36FB /* DINEngschriftStd.ttf */; };
		76F1EC7020AD320700AA36FB /* DINCond-Medium.otf in Resources */ = {isa = PBXBuildFile; fileRef = 76F1EC6F20AD320700AA36FB /* DINCond-Medium.otf */; };
		97BA3AC9225B597F004FB56C /* TULineLayout.m in Sources */ = {isa = PBXBuildFile; fileRef = 97BA3AC8225B597F004FB56C /* TULineLayout.m */; };
		E50BE6AE1E728AB8004B0F33 /* FMCoreTextView.m in Sources */ = {isa = PBXBuildFile; fileRef = E50BE6AD1E728AB8004B0F33 /* FMCoreTextView.m */; };
		E52BEF661DFE743D00CFBC4E /* FrameworkTest.framework in Frameworks */ = {isa = PBXBuildFile; fileRef = E52BEF651DFE743D00CFBC4E /* FrameworkTest.framework */; };
		E52BEF671DFE760B00CFBC4E /* FrameworkTest.framework in Frameworks */ = {isa = PBXBuildFile; fileRef = E52BEF651DFE743D00CFBC4E /* FrameworkTest.framework */; };
		E52BEF681DFE760B00CFBC4E /* FrameworkTest.framework in Embed Frameworks */ = {isa = PBXBuildFile; fileRef = E52BEF651DFE743D00CFBC4E /* FrameworkTest.framework */; settings = {ATTRIBUTES = (CodeSignOnCopy, RemoveHeadersOnCopy, ); }; };
		E5381DD01F8C9AF300DB2B04 /* FirstViewController.m in Sources */ = {isa = PBXBuildFile; fileRef = E5381DCF1F8C9AF300DB2B04 /* FirstViewController.m */; };
		E5381DD31F8C9B0000DB2B04 /* SecondViewController.m in Sources */ = {isa = PBXBuildFile; fileRef = E5381DD21F8C9B0000DB2B04 /* SecondViewController.m */; };
		E5B929711E305CDA00FFCE10 /* UIImage+XLExtension.m in Sources */ = {isa = PBXBuildFile; fileRef = E5B9292F1E305CDA00FFCE10 /* UIImage+XLExtension.m */; };
		E5B929721E305CDA00FFCE10 /* UIView+XLExtension.m in Sources */ = {isa = PBXBuildFile; fileRef = E5B929311E305CDA00FFCE10 /* UIView+XLExtension.m */; };
		E5B929731E305CDB00FFCE10 /* FSActionSheet.m in Sources */ = {isa = PBXBuildFile; fileRef = E5B929351E305CDA00FFCE10 /* FSActionSheet.m */; };
		E5B929741E305CDB00FFCE10 /* FSActionSheetCell.m in Sources */ = {isa = PBXBuildFile; fileRef = E5B929371E305CDA00FFCE10 /* FSActionSheetCell.m */; };
		E5B929751E305CDB00FFCE10 /* FSActionSheetConfig.m in Sources */ = {isa = PBXBuildFile; fileRef = E5B929391E305CDA00FFCE10 /* FSActionSheetConfig.m */; };
		E5B929761E305CDB00FFCE10 /* FSActionSheetItem.m in Sources */ = {isa = PBXBuildFile; fileRef = E5B9293B1E305CDA00FFCE10 /* FSActionSheetItem.m */; };
		E5B929771E305CDB00FFCE10 /* FSActionSheet_cancel@2x.png in Resources */ = {isa = PBXBuildFile; fileRef = E5B9293D1E305CDA00FFCE10 /* FSActionSheet_cancel@2x.png */; };
		E5B929781E305CDB00FFCE10 /* FSActionSheet_cancel@3x.png in Resources */ = {isa = PBXBuildFile; fileRef = E5B9293E1E305CDA00FFCE10 /* FSActionSheet_cancel@3x.png */; };
		E5B929791E305CDB00FFCE10 /* TAAbstractDotView.m in Sources */ = {isa = PBXBuildFile; fileRef = E5B929411E305CDA00FFCE10 /* TAAbstractDotView.m */; };
		E5B9297A1E305CDB00FFCE10 /* TAAnimatedDotView.m in Sources */ = {isa = PBXBuildFile; fileRef = E5B929431E305CDA00FFCE10 /* TAAnimatedDotView.m */; };
		E5B9297B1E305CDB00FFCE10 /* TADotView.m in Sources */ = {isa = PBXBuildFile; fileRef = E5B929451E305CDA00FFCE10 /* TADotView.m */; };
		E5B9297C1E305CDB00FFCE10 /* TAPageControl.m in Sources */ = {isa = PBXBuildFile; fileRef = E5B929471E305CDA00FFCE10 /* TAPageControl.m */; };
		E5B9297D1E305CDB00FFCE10 /* MKAnnotationView+WebCache.m in Sources */ = {isa = PBXBuildFile; fileRef = E5B9294A1E305CDA00FFCE10 /* MKAnnotationView+WebCache.m */; };
		E5B9297E1E305CDB00FFCE10 /* NSData+ImageContentType.m in Sources */ = {isa = PBXBuildFile; fileRef = E5B9294C1E305CDA00FFCE10 /* NSData+ImageContentType.m */; };
		E5B9297F1E305CDB00FFCE10 /* SDImageCache.m in Sources */ = {isa = PBXBuildFile; fileRef = E5B9294E1E305CDA00FFCE10 /* SDImageCache.m */; };
		E5B929801E305CDB00FFCE10 /* SDWebImageCompat.m in Sources */ = {isa = PBXBuildFile; fileRef = E5B929501E305CDA00FFCE10 /* SDWebImageCompat.m */; };
		E5B929811E305CDB00FFCE10 /* SDWebImageDecoder.m in Sources */ = {isa = PBXBuildFile; fileRef = E5B929521E305CDA00FFCE10 /* SDWebImageDecoder.m */; };
		E5B929821E305CDB00FFCE10 /* SDWebImageDownloader.m in Sources */ = {isa = PBXBuildFile; fileRef = E5B929541E305CDA00FFCE10 /* SDWebImageDownloader.m */; };
		E5B929831E305CDB00FFCE10 /* SDWebImageDownloaderOperation.m in Sources */ = {isa = PBXBuildFile; fileRef = E5B929561E305CDA00FFCE10 /* SDWebImageDownloaderOperation.m */; };
		E5B929841E305CDB00FFCE10 /* SDWebImageManager.m in Sources */ = {isa = PBXBuildFile; fileRef = E5B929581E305CDA00FFCE10 /* SDWebImageManager.m */; };
		E5B929851E305CDB00FFCE10 /* SDWebImagePrefetcher.m in Sources */ = {isa = PBXBuildFile; fileRef = E5B9295B1E305CDA00FFCE10 /* SDWebImagePrefetcher.m */; };
		E5B929861E305CDB00FFCE10 /* UIButton+WebCache.m in Sources */ = {isa = PBXBuildFile; fileRef = E5B9295D1E305CDA00FFCE10 /* UIButton+WebCache.m */; };
		E5B929871E305CDB00FFCE10 /* UIImage+GIF.m in Sources */ = {isa = PBXBuildFile; fileRef = E5B9295F1E305CDA00FFCE10 /* UIImage+GIF.m */; };
		E5B929881E305CDB00FFCE10 /* UIImage+MultiFormat.m in Sources */ = {isa = PBXBuildFile; fileRef = E5B929611E305CDA00FFCE10 /* UIImage+MultiFormat.m */; };
		E5B929891E305CDB00FFCE10 /* UIImage+WebP.m in Sources */ = {isa = PBXBuildFile; fileRef = E5B929631E305CDA00FFCE10 /* UIImage+WebP.m */; };
		E5B9298A1E305CDB00FFCE10 /* UIImageView+HighlightedWebCache.m in Sources */ = {isa = PBXBuildFile; fileRef = E5B929651E305CDA00FFCE10 /* UIImageView+HighlightedWebCache.m */; };
		E5B9298B1E305CDB00FFCE10 /* UIImageView+WebCache.m in Sources */ = {isa = PBXBuildFile; fileRef = E5B929671E305CDA00FFCE10 /* UIImageView+WebCache.m */; };
		E5B9298C1E305CDB00FFCE10 /* UIView+WebCacheOperation.m in Sources */ = {isa = PBXBuildFile; fileRef = E5B929691E305CDA00FFCE10 /* UIView+WebCacheOperation.m */; };
		E5B9298D1E305CDB00FFCE10 /* XLPhotoBrowser.m in Sources */ = {isa = PBXBuildFile; fileRef = E5B9296B1E305CDA00FFCE10 /* XLPhotoBrowser.m */; };
		E5B9298E1E305CDB00FFCE10 /* XLProgressView.m in Sources */ = {isa = PBXBuildFile; fileRef = E5B9296E1E305CDA00FFCE10 /* XLProgressView.m */; };
		E5B9298F1E305CDB00FFCE10 /* XLZoomingScrollView.m in Sources */ = {isa = PBXBuildFile; fileRef = E5B929701E305CDA00FFCE10 /* XLZoomingScrollView.m */; };
		E5CB24181E6CF1BC006B0045 /* FMVerticalButton.m in Sources */ = {isa = PBXBuildFile; fileRef = E5CB24171E6CF1BC006B0045 /* FMVerticalButton.m */; };
		E5CC36CF1E5C1C5A00417E5D /* FMTitleHeaderView.m in Sources */ = {isa = PBXBuildFile; fileRef = E5CC36CE1E5C1C5A00417E5D /* FMTitleHeaderView.m */; };
		E5CC36D21E5C216700417E5D /* FMTitleLabel.m in Sources */ = {isa = PBXBuildFile; fileRef = E5CC36D11E5C216700417E5D /* FMTitleLabel.m */; };
		E5D7EA8A1F21965000DA8133 /* FMBrightnessView.m in Sources */ = {isa = PBXBuildFile; fileRef = E5D7EA891F21965000DA8133 /* FMBrightnessView.m */; };
		E5D7EA8C1F21976800DA8133 /* FMSources.bundle in Resources */ = {isa = PBXBuildFile; fileRef = E5D7EA8B1F21976800DA8133 /* FMSources.bundle */; };
		E5D7EA8F1F2198BC00DA8133 /* UIApplication+FMExtension.m in Sources */ = {isa = PBXBuildFile; fileRef = E5D7EA8E1F2198BC00DA8133 /* UIApplication+FMExtension.m */; };
		E5DA12511DE4274A00A2C9A5 /* main.m in Sources */ = {isa = PBXBuildFile; fileRef = E5DA12501DE4274A00A2C9A5 /* main.m */; };
		E5DA12541DE4274A00A2C9A5 /* AppDelegate.m in Sources */ = {isa = PBXBuildFile; fileRef = E5DA12531DE4274A00A2C9A5 /* AppDelegate.m */; };
		E5DA12571DE4274A00A2C9A5 /* ViewController.m in Sources */ = {isa = PBXBuildFile; fileRef = E5DA12561DE4274A00A2C9A5 /* ViewController.m */; };
		E5DA125A1DE4274A00A2C9A5 /* Main.storyboard in Resources */ = {isa = PBXBuildFile; fileRef = E5DA12581DE4274A00A2C9A5 /* Main.storyboard */; };
		E5DA125C1DE4274A00A2C9A5 /* Assets.xcassets in Resources */ = {isa = PBXBuildFile; fileRef = E5DA125B1DE4274A00A2C9A5 /* Assets.xcassets */; };
		E5DA125F1DE4274A00A2C9A5 /* LaunchScreen.storyboard in Resources */ = {isa = PBXBuildFile; fileRef = E5DA125D1DE4274A00A2C9A5 /* LaunchScreen.storyboard */; };
		E5DA126A1DE4274A00A2C9A5 /* _5_DIYUITests.m in Sources */ = {isa = PBXBuildFile; fileRef = E5DA12691DE4274A00A2C9A5 /* _5_DIYUITests.m */; };
		E5DA12751DE4274A00A2C9A5 /* _5_DIYUIUITests.m in Sources */ = {isa = PBXBuildFile; fileRef = E5DA12741DE4274A00A2C9A5 /* _5_DIYUIUITests.m */; };
		E5DA12871DE42D3C00A2C9A5 /* FMPhotoCell.m in Sources */ = {isa = PBXBuildFile; fileRef = E5DA12851DE42D3C00A2C9A5 /* FMPhotoCell.m */; };
		E5DA12881DE42D3C00A2C9A5 /* FMPhotoCell.xib in Resources */ = {isa = PBXBuildFile; fileRef = E5DA12861DE42D3C00A2C9A5 /* FMPhotoCell.xib */; };
		E5DA128F1DE436E100A2C9A5 /* FMLineLayout.m in Sources */ = {isa = PBXBuildFile; fileRef = E5DA128E1DE436E100A2C9A5 /* FMLineLayout.m */; };
		E5DA12951DE44F9800A2C9A5 /* FMGridLayout.m in Sources */ = {isa = PBXBuildFile; fileRef = E5DA12941DE44F9800A2C9A5 /* FMGridLayout.m */; };
		E5DA12981DE52C3500A2C9A5 /* FMCircleLayout.m in Sources */ = {isa = PBXBuildFile; fileRef = E5DA12971DE52C3500A2C9A5 /* FMCircleLayout.m */; };
		E5DA129B1DE54ABD00A2C9A5 /* FMWaterflowLayout.m in Sources */ = {isa = PBXBuildFile; fileRef = E5DA129A1DE54ABD00A2C9A5 /* FMWaterflowLayout.m */; };
		E5EAA5521E7FD1EE00E870AF /* FMFilterViewController.m in Sources */ = {isa = PBXBuildFile; fileRef = E5EAA5511E7FD1EE00E870AF /* FMFilterViewController.m */; };
		E5EAA5551E7FD21E00E870AF /* FMJDViewController.m in Sources */ = {isa = PBXBuildFile; fileRef = E5EAA5541E7FD21E00E870AF /* FMJDViewController.m */; };
		FAB224D020AFE332001651CA /* FMTestView.xib in Resources */ = {isa = PBXBuildFile; fileRef = FAB224CE20AFE332001651CA /* FMTestView.xib */; };
		FAB224D120AFE332001651CA /* FMTestView.m in Sources */ = {isa = PBXBuildFile; fileRef = FAB224CF20AFE332001651CA /* FMTestView.m */; };
		FAB224D420AFE3FF001651CA /* FMSafeAreaController.m in Sources */ = {isa = PBXBuildFile; fileRef = FAB224D320AFE3FF001651CA /* FMSafeAreaController.m */; };
/* End PBXBuildFile section */

/* Begin PBXContainerItemProxy section */
		E5DA12661DE4274A00A2C9A5 /* PBXContainerItemProxy */ = {
			isa = PBXContainerItemProxy;
			containerPortal = E5DA12441DE4274A00A2C9A5 /* Project object */;
			proxyType = 1;
			remoteGlobalIDString = E5DA124B1DE4274A00A2C9A5;
			remoteInfo = 05_DIYUI;
		};
		E5DA12711DE4274A00A2C9A5 /* PBXContainerItemProxy */ = {
			isa = PBXContainerItemProxy;
			containerPortal = E5DA12441DE4274A00A2C9A5 /* Project object */;
			proxyType = 1;
			remoteGlobalIDString = E5DA124B1DE4274A00A2C9A5;
			remoteInfo = 05_DIYUI;
		};
/* End PBXContainerItemProxy section */

/* Begin PBXCopyFilesBuildPhase section */
		E52BEF691DFE760B00CFBC4E /* Embed Frameworks */ = {
			isa = PBXCopyFilesBuildPhase;
			buildActionMask = 2147483647;
			dstPath = "";
			dstSubfolderSpec = 10;
			files = (
				E52BEF681DFE760B00CFBC4E /* FrameworkTest.framework in Embed Frameworks */,
			);
			name = "Embed Frameworks";
			runOnlyForDeploymentPostprocessing = 0;
		};
/* End PBXCopyFilesBuildPhase section */

/* Begin PBXFileReference section */
		76B7AB0820AA758200D02FA2 /* FMStarViewController.h */ = {isa = PBXFileReference; lastKnownFileType = sourcecode.c.h; path = FMStarViewController.h; sourceTree = "<group>"; };
		76B7AB0920AA758200D02FA2 /* FMStarViewController.m */ = {isa = PBXFileReference; lastKnownFileType = sourcecode.c.objc; path = FMStarViewController.m; sourceTree = "<group>"; };
		76B7AB0B20AA77AD00D02FA2 /* CourseEvaluateListCell.h */ = {isa = PBXFileReference; fileEncoding = 4; lastKnownFileType = sourcecode.c.h; path = CourseEvaluateListCell.h; sourceTree = "<group>"; };
		76B7AB0C20AA77AE00D02FA2 /* CourseEvaluateListCell.m */ = {isa = PBXFileReference; fileEncoding = 4; lastKnownFileType = sourcecode.c.objc; path = CourseEvaluateListCell.m; sourceTree = "<group>"; };
		76B7AB0E20AA77AE00D02FA2 /* UIImage+Rend.h */ = {isa = PBXFileReference; fileEncoding = 4; lastKnownFileType = sourcecode.c.h; path = "UIImage+Rend.h"; sourceTree = "<group>"; };
		76B7AB0F20AA77AE00D02FA2 /* UIImage+Rend.m */ = {isa = PBXFileReference; fileEncoding = 4; lastKnownFileType = sourcecode.c.objc; path = "UIImage+Rend.m"; sourceTree = "<group>"; };
		76B7AB1020AA77AE00D02FA2 /* UIImageView+Border.h */ = {isa = PBXFileReference; fileEncoding = 4; lastKnownFileType = sourcecode.c.h; path = "UIImageView+Border.h"; sourceTree = "<group>"; };
		76B7AB1120AA77AE00D02FA2 /* UIImageView+Border.m */ = {isa = PBXFileReference; fileEncoding = 4; lastKnownFileType = sourcecode.c.objc; path = "UIImageView+Border.m"; sourceTree = "<group>"; };
		76B7AB1320AA77AE00D02FA2 /* YLRatingView.h */ = {isa = PBXFileReference; fileEncoding = 4; lastKnownFileType = sourcecode.c.h; path = YLRatingView.h; sourceTree = "<group>"; };
		76B7AB1420AA77AE00D02FA2 /* YLRatingView.m */ = {isa = PBXFileReference; fileEncoding = 4; lastKnownFileType = sourcecode.c.objc; path = YLRatingView.m; sourceTree = "<group>"; };
		76F1EC6A20AC34D300AA36FB /* SpliceImageController.h */ = {isa = PBXFileReference; lastKnownFileType = sourcecode.c.h; path = SpliceImageController.h; sourceTree = "<group>"; };
		76F1EC6B20AC34D300AA36FB /* SpliceImageController.m */ = {isa = PBXFileReference; lastKnownFileType = sourcecode.c.objc; path = SpliceImageController.m; sourceTree = "<group>"; };
		76F1EC6D20AD2C9E00AA36FB /* DINEngschriftStd.ttf */ = {isa = PBXFileReference; lastKnownFileType = file; path = DINEngschriftStd.ttf; sourceTree = "<group>"; };
		76F1EC6F20AD320700AA36FB /* DINCond-Medium.otf */ = {isa = PBXFileReference; lastKnownFileType = file; path = "DINCond-Medium.otf"; sourceTree = "<group>"; };
		97BA3AC7225B597F004FB56C /* TULineLayout.h */ = {isa = PBXFileReference; lastKnownFileType = sourcecode.c.h; path = TULineLayout.h; sourceTree = "<group>"; };
		97BA3AC8225B597F004FB56C /* TULineLayout.m */ = {isa = PBXFileReference; lastKnownFileType = sourcecode.c.objc; path = TULineLayout.m; sourceTree = "<group>"; };
		E50BE6AC1E728AB8004B0F33 /* FMCoreTextView.h */ = {isa = PBXFileReference; fileEncoding = 4; lastKnownFileType = sourcecode.c.h; path = FMCoreTextView.h; sourceTree = "<group>"; };
		E50BE6AD1E728AB8004B0F33 /* FMCoreTextView.m */ = {isa = PBXFileReference; fileEncoding = 4; lastKnownFileType = sourcecode.c.objc; path = FMCoreTextView.m; sourceTree = "<group>"; };
		E52BEF651DFE743D00CFBC4E /* FrameworkTest.framework */ = {isa = PBXFileReference; lastKnownFileType = wrapper.framework; path = FrameworkTest.framework; sourceTree = "<group>"; };
		E5381DCE1F8C9AF300DB2B04 /* FirstViewController.h */ = {isa = PBXFileReference; fileEncoding = 4; lastKnownFileType = sourcecode.c.h; path = FirstViewController.h; sourceTree = "<group>"; };
		E5381DCF1F8C9AF300DB2B04 /* FirstViewController.m */ = {isa = PBXFileReference; fileEncoding = 4; lastKnownFileType = sourcecode.c.objc; path = FirstViewController.m; sourceTree = "<group>"; };
		E5381DD11F8C9B0000DB2B04 /* SecondViewController.h */ = {isa = PBXFileReference; fileEncoding = 4; lastKnownFileType = sourcecode.c.h; path = SecondViewController.h; sourceTree = "<group>"; };
		E5381DD21F8C9B0000DB2B04 /* SecondViewController.m */ = {isa = PBXFileReference; fileEncoding = 4; lastKnownFileType = sourcecode.c.objc; path = SecondViewController.m; sourceTree = "<group>"; };
		E5B9292E1E305CDA00FFCE10 /* UIImage+XLExtension.h */ = {isa = PBXFileReference; fileEncoding = 4; lastKnownFileType = sourcecode.c.h; path = "UIImage+XLExtension.h"; sourceTree = "<group>"; };
		E5B9292F1E305CDA00FFCE10 /* UIImage+XLExtension.m */ = {isa = PBXFileReference; fileEncoding = 4; lastKnownFileType = sourcecode.c.objc; path = "UIImage+XLExtension.m"; sourceTree = "<group>"; };
		E5B929301E305CDA00FFCE10 /* UIView+XLExtension.h */ = {isa = PBXFileReference; fileEncoding = 4; lastKnownFileType = sourcecode.c.h; path = "UIView+XLExtension.h"; sourceTree = "<group>"; };
		E5B929311E305CDA00FFCE10 /* UIView+XLExtension.m */ = {isa = PBXFileReference; fileEncoding = 4; lastKnownFileType = sourcecode.c.objc; path = "UIView+XLExtension.m"; sourceTree = "<group>"; };
		E5B929341E305CDA00FFCE10 /* FSActionSheet.h */ = {isa = PBXFileReference; fileEncoding = 4; lastKnownFileType = sourcecode.c.h; path = FSActionSheet.h; sourceTree = "<group>"; };
		E5B929351E305CDA00FFCE10 /* FSActionSheet.m */ = {isa = PBXFileReference; fileEncoding = 4; lastKnownFileType = sourcecode.c.objc; path = FSActionSheet.m; sourceTree = "<group>"; };
		E5B929361E305CDA00FFCE10 /* FSActionSheetCell.h */ = {isa = PBXFileReference; fileEncoding = 4; lastKnownFileType = sourcecode.c.h; path = FSActionSheetCell.h; sourceTree = "<group>"; };
		E5B929371E305CDA00FFCE10 /* FSActionSheetCell.m */ = {isa = PBXFileReference; fileEncoding = 4; lastKnownFileType = sourcecode.c.objc; path = FSActionSheetCell.m; sourceTree = "<group>"; };
		E5B929381E305CDA00FFCE10 /* FSActionSheetConfig.h */ = {isa = PBXFileReference; fileEncoding = 4; lastKnownFileType = sourcecode.c.h; path = FSActionSheetConfig.h; sourceTree = "<group>"; };
		E5B929391E305CDA00FFCE10 /* FSActionSheetConfig.m */ = {isa = PBXFileReference; fileEncoding = 4; lastKnownFileType = sourcecode.c.objc; path = FSActionSheetConfig.m; sourceTree = "<group>"; };
		E5B9293A1E305CDA00FFCE10 /* FSActionSheetItem.h */ = {isa = PBXFileReference; fileEncoding = 4; lastKnownFileType = sourcecode.c.h; path = FSActionSheetItem.h; sourceTree = "<group>"; };
		E5B9293B1E305CDA00FFCE10 /* FSActionSheetItem.m */ = {isa = PBXFileReference; fileEncoding = 4; lastKnownFileType = sourcecode.c.objc; path = FSActionSheetItem.m; sourceTree = "<group>"; };
		E5B9293D1E305CDA00FFCE10 /* FSActionSheet_cancel@2x.png */ = {isa = PBXFileReference; lastKnownFileType = image.png; path = "FSActionSheet_cancel@2x.png"; sourceTree = "<group>"; };
		E5B9293E1E305CDA00FFCE10 /* FSActionSheet_cancel@3x.png */ = {isa = PBXFileReference; lastKnownFileType = image.png; path = "FSActionSheet_cancel@3x.png"; sourceTree = "<group>"; };
		E5B929401E305CDA00FFCE10 /* TAAbstractDotView.h */ = {isa = PBXFileReference; fileEncoding = 4; lastKnownFileType = sourcecode.c.h; path = TAAbstractDotView.h; sourceTree = "<group>"; };
		E5B929411E305CDA00FFCE10 /* TAAbstractDotView.m */ = {isa = PBXFileReference; fileEncoding = 4; lastKnownFileType = sourcecode.c.objc; path = TAAbstractDotView.m; sourceTree = "<group>"; };
		E5B929421E305CDA00FFCE10 /* TAAnimatedDotView.h */ = {isa = PBXFileReference; fileEncoding = 4; lastKnownFileType = sourcecode.c.h; path = TAAnimatedDotView.h; sourceTree = "<group>"; };
		E5B929431E305CDA00FFCE10 /* TAAnimatedDotView.m */ = {isa = PBXFileReference; fileEncoding = 4; lastKnownFileType = sourcecode.c.objc; path = TAAnimatedDotView.m; sourceTree = "<group>"; };
		E5B929441E305CDA00FFCE10 /* TADotView.h */ = {isa = PBXFileReference; fileEncoding = 4; lastKnownFileType = sourcecode.c.h; path = TADotView.h; sourceTree = "<group>"; };
		E5B929451E305CDA00FFCE10 /* TADotView.m */ = {isa = PBXFileReference; fileEncoding = 4; lastKnownFileType = sourcecode.c.objc; path = TADotView.m; sourceTree = "<group>"; };
		E5B929461E305CDA00FFCE10 /* TAPageControl.h */ = {isa = PBXFileReference; fileEncoding = 4; lastKnownFileType = sourcecode.c.h; path = TAPageControl.h; sourceTree = "<group>"; };
		E5B929471E305CDA00FFCE10 /* TAPageControl.m */ = {isa = PBXFileReference; fileEncoding = 4; lastKnownFileType = sourcecode.c.objc; path = TAPageControl.m; sourceTree = "<group>"; };
		E5B929491E305CDA00FFCE10 /* MKAnnotationView+WebCache.h */ = {isa = PBXFileReference; fileEncoding = 4; lastKnownFileType = sourcecode.c.h; path = "MKAnnotationView+WebCache.h"; sourceTree = "<group>"; };
		E5B9294A1E305CDA00FFCE10 /* MKAnnotationView+WebCache.m */ = {isa = PBXFileReference; fileEncoding = 4; lastKnownFileType = sourcecode.c.objc; path = "MKAnnotationView+WebCache.m"; sourceTree = "<group>"; };
		E5B9294B1E305CDA00FFCE10 /* NSData+ImageContentType.h */ = {isa = PBXFileReference; fileEncoding = 4; lastKnownFileType = sourcecode.c.h; path = "NSData+ImageContentType.h"; sourceTree = "<group>"; };
		E5B9294C1E305CDA00FFCE10 /* NSData+ImageContentType.m */ = {isa = PBXFileReference; fileEncoding = 4; lastKnownFileType = sourcecode.c.objc; path = "NSData+ImageContentType.m"; sourceTree = "<group>"; };
		E5B9294D1E305CDA00FFCE10 /* SDImageCache.h */ = {isa = PBXFileReference; fileEncoding = 4; lastKnownFileType = sourcecode.c.h; path = SDImageCache.h; sourceTree = "<group>"; };
		E5B9294E1E305CDA00FFCE10 /* SDImageCache.m */ = {isa = PBXFileReference; fileEncoding = 4; lastKnownFileType = sourcecode.c.objc; path = SDImageCache.m; sourceTree = "<group>"; };
		E5B9294F1E305CDA00FFCE10 /* SDWebImageCompat.h */ = {isa = PBXFileReference; fileEncoding = 4; lastKnownFileType = sourcecode.c.h; path = SDWebImageCompat.h; sourceTree = "<group>"; };
		E5B929501E305CDA00FFCE10 /* SDWebImageCompat.m */ = {isa = PBXFileReference; fileEncoding = 4; lastKnownFileType = sourcecode.c.objc; path = SDWebImageCompat.m; sourceTree = "<group>"; };
		E5B929511E305CDA00FFCE10 /* SDWebImageDecoder.h */ = {isa = PBXFileReference; fileEncoding = 4; lastKnownFileType = sourcecode.c.h; path = SDWebImageDecoder.h; sourceTree = "<group>"; };
		E5B929521E305CDA00FFCE10 /* SDWebImageDecoder.m */ = {isa = PBXFileReference; fileEncoding = 4; lastKnownFileType = sourcecode.c.objc; path = SDWebImageDecoder.m; sourceTree = "<group>"; };
		E5B929531E305CDA00FFCE10 /* SDWebImageDownloader.h */ = {isa = PBXFileReference; fileEncoding = 4; lastKnownFileType = sourcecode.c.h; path = SDWebImageDownloader.h; sourceTree = "<group>"; };
		E5B929541E305CDA00FFCE10 /* SDWebImageDownloader.m */ = {isa = PBXFileReference; fileEncoding = 4; lastKnownFileType = sourcecode.c.objc; path = SDWebImageDownloader.m; sourceTree = "<group>"; };
		E5B929551E305CDA00FFCE10 /* SDWebImageDownloaderOperation.h */ = {isa = PBXFileReference; fileEncoding = 4; lastKnownFileType = sourcecode.c.h; path = SDWebImageDownloaderOperation.h; sourceTree = "<group>"; };
		E5B929561E305CDA00FFCE10 /* SDWebImageDownloaderOperation.m */ = {isa = PBXFileReference; fileEncoding = 4; lastKnownFileType = sourcecode.c.objc; path = SDWebImageDownloaderOperation.m; sourceTree = "<group>"; };
		E5B929571E305CDA00FFCE10 /* SDWebImageManager.h */ = {isa = PBXFileReference; fileEncoding = 4; lastKnownFileType = sourcecode.c.h; path = SDWebImageManager.h; sourceTree = "<group>"; };
		E5B929581E305CDA00FFCE10 /* SDWebImageManager.m */ = {isa = PBXFileReference; fileEncoding = 4; lastKnownFileType = sourcecode.c.objc; path = SDWebImageManager.m; sourceTree = "<group>"; };
		E5B929591E305CDA00FFCE10 /* SDWebImageOperation.h */ = {isa = PBXFileReference; fileEncoding = 4; lastKnownFileType = sourcecode.c.h; path = SDWebImageOperation.h; sourceTree = "<group>"; };
		E5B9295A1E305CDA00FFCE10 /* SDWebImagePrefetcher.h */ = {isa = PBXFileReference; fileEncoding = 4; lastKnownFileType = sourcecode.c.h; path = SDWebImagePrefetcher.h; sourceTree = "<group>"; };
		E5B9295B1E305CDA00FFCE10 /* SDWebImagePrefetcher.m */ = {isa = PBXFileReference; fileEncoding = 4; lastKnownFileType = sourcecode.c.objc; path = SDWebImagePrefetcher.m; sourceTree = "<group>"; };
		E5B9295C1E305CDA00FFCE10 /* UIButton+WebCache.h */ = {isa = PBXFileReference; fileEncoding = 4; lastKnownFileType = sourcecode.c.h; path = "UIButton+WebCache.h"; sourceTree = "<group>"; };
		E5B9295D1E305CDA00FFCE10 /* UIButton+WebCache.m */ = {isa = PBXFileReference; fileEncoding = 4; lastKnownFileType = sourcecode.c.objc; path = "UIButton+WebCache.m"; sourceTree = "<group>"; };
		E5B9295E1E305CDA00FFCE10 /* UIImage+GIF.h */ = {isa = PBXFileReference; fileEncoding = 4; lastKnownFileType = sourcecode.c.h; path = "UIImage+GIF.h"; sourceTree = "<group>"; };
		E5B9295F1E305CDA00FFCE10 /* UIImage+GIF.m */ = {isa = PBXFileReference; fileEncoding = 4; lastKnownFileType = sourcecode.c.objc; path = "UIImage+GIF.m"; sourceTree = "<group>"; };
		E5B929601E305CDA00FFCE10 /* UIImage+MultiFormat.h */ = {isa = PBXFileReference; fileEncoding = 4; lastKnownFileType = sourcecode.c.h; path = "UIImage+MultiFormat.h"; sourceTree = "<group>"; };
		E5B929611E305CDA00FFCE10 /* UIImage+MultiFormat.m */ = {isa = PBXFileReference; fileEncoding = 4; lastKnownFileType = sourcecode.c.objc; path = "UIImage+MultiFormat.m"; sourceTree = "<group>"; };
		E5B929621E305CDA00FFCE10 /* UIImage+WebP.h */ = {isa = PBXFileReference; fileEncoding = 4; lastKnownFileType = sourcecode.c.h; path = "UIImage+WebP.h"; sourceTree = "<group>"; };
		E5B929631E305CDA00FFCE10 /* UIImage+WebP.m */ = {isa = PBXFileReference; fileEncoding = 4; lastKnownFileType = sourcecode.c.objc; path = "UIImage+WebP.m"; sourceTree = "<group>"; };
		E5B929641E305CDA00FFCE10 /* UIImageView+HighlightedWebCache.h */ = {isa = PBXFileReference; fileEncoding = 4; lastKnownFileType = sourcecode.c.h; path = "UIImageView+HighlightedWebCache.h"; sourceTree = "<group>"; };
		E5B929651E305CDA00FFCE10 /* UIImageView+HighlightedWebCache.m */ = {isa = PBXFileReference; fileEncoding = 4; lastKnownFileType = sourcecode.c.objc; path = "UIImageView+HighlightedWebCache.m"; sourceTree = "<group>"; };
		E5B929661E305CDA00FFCE10 /* UIImageView+WebCache.h */ = {isa = PBXFileReference; fileEncoding = 4; lastKnownFileType = sourcecode.c.h; path = "UIImageView+WebCache.h"; sourceTree = "<group>"; };
		E5B929671E305CDA00FFCE10 /* UIImageView+WebCache.m */ = {isa = PBXFileReference; fileEncoding = 4; lastKnownFileType = sourcecode.c.objc; path = "UIImageView+WebCache.m"; sourceTree = "<group>"; };
		E5B929681E305CDA00FFCE10 /* UIView+WebCacheOperation.h */ = {isa = PBXFileReference; fileEncoding = 4; lastKnownFileType = sourcecode.c.h; path = "UIView+WebCacheOperation.h"; sourceTree = "<group>"; };
		E5B929691E305CDA00FFCE10 /* UIView+WebCacheOperation.m */ = {isa = PBXFileReference; fileEncoding = 4; lastKnownFileType = sourcecode.c.objc; path = "UIView+WebCacheOperation.m"; sourceTree = "<group>"; };
		E5B9296A1E305CDA00FFCE10 /* XLPhotoBrowser.h */ = {isa = PBXFileReference; fileEncoding = 4; lastKnownFileType = sourcecode.c.h; path = XLPhotoBrowser.h; sourceTree = "<group>"; };
		E5B9296B1E305CDA00FFCE10 /* XLPhotoBrowser.m */ = {isa = PBXFileReference; fileEncoding = 4; lastKnownFileType = sourcecode.c.objc; path = XLPhotoBrowser.m; sourceTree = "<group>"; };
		E5B9296C1E305CDA00FFCE10 /* XLPhotoBrowserConfig.h */ = {isa = PBXFileReference; fileEncoding = 4; lastKnownFileType = sourcecode.c.h; path = XLPhotoBrowserConfig.h; sourceTree = "<group>"; };
		E5B9296D1E305CDA00FFCE10 /* XLProgressView.h */ = {isa = PBXFileReference; fileEncoding = 4; lastKnownFileType = sourcecode.c.h; path = XLProgressView.h; sourceTree = "<group>"; };
		E5B9296E1E305CDA00FFCE10 /* XLProgressView.m */ = {isa = PBXFileReference; fileEncoding = 4; lastKnownFileType = sourcecode.c.objc; path = XLProgressView.m; sourceTree = "<group>"; };
		E5B9296F1E305CDA00FFCE10 /* XLZoomingScrollView.h */ = {isa = PBXFileReference; fileEncoding = 4; lastKnownFileType = sourcecode.c.h; path = XLZoomingScrollView.h; sourceTree = "<group>"; };
		E5B929701E305CDA00FFCE10 /* XLZoomingScrollView.m */ = {isa = PBXFileReference; fileEncoding = 4; lastKnownFileType = sourcecode.c.objc; path = XLZoomingScrollView.m; sourceTree = "<group>"; };
		E5CB24161E6CF1BC006B0045 /* FMVerticalButton.h */ = {isa = PBXFileReference; fileEncoding = 4; lastKnownFileType = sourcecode.c.h; path = FMVerticalButton.h; sourceTree = "<group>"; };
		E5CB24171E6CF1BC006B0045 /* FMVerticalButton.m */ = {isa = PBXFileReference; fileEncoding = 4; lastKnownFileType = sourcecode.c.objc; path = FMVerticalButton.m; sourceTree = "<group>"; };
		E5CC36CD1E5C1C5A00417E5D /* FMTitleHeaderView.h */ = {isa = PBXFileReference; fileEncoding = 4; lastKnownFileType = sourcecode.c.h; path = FMTitleHeaderView.h; sourceTree = "<group>"; };
		E5CC36CE1E5C1C5A00417E5D /* FMTitleHeaderView.m */ = {isa = PBXFileReference; fileEncoding = 4; lastKnownFileType = sourcecode.c.objc; path = FMTitleHeaderView.m; sourceTree = "<group>"; };
		E5CC36D01E5C216700417E5D /* FMTitleLabel.h */ = {isa = PBXFileReference; fileEncoding = 4; lastKnownFileType = sourcecode.c.h; path = FMTitleLabel.h; sourceTree = "<group>"; };
		E5CC36D11E5C216700417E5D /* FMTitleLabel.m */ = {isa = PBXFileReference; fileEncoding = 4; lastKnownFileType = sourcecode.c.objc; path = FMTitleLabel.m; sourceTree = "<group>"; };
		E5D7EA881F21965000DA8133 /* FMBrightnessView.h */ = {isa = PBXFileReference; fileEncoding = 4; lastKnownFileType = sourcecode.c.h; path = FMBrightnessView.h; sourceTree = "<group>"; };
		E5D7EA891F21965000DA8133 /* FMBrightnessView.m */ = {isa = PBXFileReference; fileEncoding = 4; lastKnownFileType = sourcecode.c.objc; path = FMBrightnessView.m; sourceTree = "<group>"; };
		E5D7EA8B1F21976800DA8133 /* FMSources.bundle */ = {isa = PBXFileReference; lastKnownFileType = "wrapper.plug-in"; path = FMSources.bundle; sourceTree = "<group>"; };
		E5D7EA8D1F2198BC00DA8133 /* UIApplication+FMExtension.h */ = {isa = PBXFileReference; fileEncoding = 4; lastKnownFileType = sourcecode.c.h; path = "UIApplication+FMExtension.h"; sourceTree = "<group>"; };
		E5D7EA8E1F2198BC00DA8133 /* UIApplication+FMExtension.m */ = {isa = PBXFileReference; fileEncoding = 4; lastKnownFileType = sourcecode.c.objc; path = "UIApplication+FMExtension.m"; sourceTree = "<group>"; };
		E5DA124C1DE4274A00A2C9A5 /* 05_DIYUI.app */ = {isa = PBXFileReference; explicitFileType = wrapper.application; includeInIndex = 0; path = 05_DIYUI.app; sourceTree = BUILT_PRODUCTS_DIR; };
		E5DA12501DE4274A00A2C9A5 /* main.m */ = {isa = PBXFileReference; lastKnownFileType = sourcecode.c.objc; path = main.m; sourceTree = "<group>"; };
		E5DA12521DE4274A00A2C9A5 /* AppDelegate.h */ = {isa = PBXFileReference; lastKnownFileType = sourcecode.c.h; path = AppDelegate.h; sourceTree = "<group>"; };
		E5DA12531DE4274A00A2C9A5 /* AppDelegate.m */ = {isa = PBXFileReference; lastKnownFileType = sourcecode.c.objc; path = AppDelegate.m; sourceTree = "<group>"; };
		E5DA12551DE4274A00A2C9A5 /* ViewController.h */ = {isa = PBXFileReference; lastKnownFileType = sourcecode.c.h; path = ViewController.h; sourceTree = "<group>"; };
		E5DA12561DE4274A00A2C9A5 /* ViewController.m */ = {isa = PBXFileReference; lastKnownFileType = sourcecode.c.objc; path = ViewController.m; sourceTree = "<group>"; wrapsLines = 1; };
		E5DA12591DE4274A00A2C9A5 /* Base */ = {isa = PBXFileReference; lastKnownFileType = file.storyboard; name = Base; path = Base.lproj/Main.storyboard; sourceTree = "<group>"; };
		E5DA125B1DE4274A00A2C9A5 /* Assets.xcassets */ = {isa = PBXFileReference; lastKnownFileType = folder.assetcatalog; path = Assets.xcassets; sourceTree = "<group>"; };
		E5DA125E1DE4274A00A2C9A5 /* Base */ = {isa = PBXFileReference; lastKnownFileType = file.storyboard; name = Base; path = Base.lproj/LaunchScreen.storyboard; sourceTree = "<group>"; };
		E5DA12601DE4274A00A2C9A5 /* Info.plist */ = {isa = PBXFileReference; lastKnownFileType = text.plist.xml; path = Info.plist; sourceTree = "<group>"; };
		E5DA12651DE4274A00A2C9A5 /* 05_DIYUITests.xctest */ = {isa = PBXFileReference; explicitFileType = wrapper.cfbundle; includeInIndex = 0; path = 05_DIYUITests.xctest; sourceTree = BUILT_PRODUCTS_DIR; };
		E5DA12691DE4274A00A2C9A5 /* _5_DIYUITests.m */ = {isa = PBXFileReference; lastKnownFileType = sourcecode.c.objc; path = _5_DIYUITests.m; sourceTree = "<group>"; };
		E5DA126B1DE4274A00A2C9A5 /* Info.plist */ = {isa = PBXFileReference; lastKnownFileType = text.plist.xml; path = Info.plist; sourceTree = "<group>"; };
		E5DA12701DE4274A00A2C9A5 /* 05_DIYUIUITests.xctest */ = {isa = PBXFileReference; explicitFileType = wrapper.cfbundle; includeInIndex = 0; path = 05_DIYUIUITests.xctest; sourceTree = BUILT_PRODUCTS_DIR; };
		E5DA12741DE4274A00A2C9A5 /* _5_DIYUIUITests.m */ = {isa = PBXFileReference; lastKnownFileType = sourcecode.c.objc; path = _5_DIYUIUITests.m; sourceTree = "<group>"; };
		E5DA12761DE4274A00A2C9A5 /* Info.plist */ = {isa = PBXFileReference; lastKnownFileType = text.plist.xml; path = Info.plist; sourceTree = "<group>"; };
		E5DA12841DE42D3C00A2C9A5 /* FMPhotoCell.h */ = {isa = PBXFileReference; fileEncoding = 4; lastKnownFileType = sourcecode.c.h; path = FMPhotoCell.h; sourceTree = "<group>"; };
		E5DA12851DE42D3C00A2C9A5 /* FMPhotoCell.m */ = {isa = PBXFileReference; fileEncoding = 4; lastKnownFileType = sourcecode.c.objc; path = FMPhotoCell.m; sourceTree = "<group>"; };
		E5DA12861DE42D3C00A2C9A5 /* FMPhotoCell.xib */ = {isa = PBXFileReference; fileEncoding = 4; lastKnownFileType = file.xib; path = FMPhotoCell.xib; sourceTree = "<group>"; };
		E5DA128C1DE432A300A2C9A5 /* DIYUI.pch */ = {isa = PBXFileReference; lastKnownFileType = sourcecode.c.h; path = DIYUI.pch; sourceTree = "<group>"; };
		E5DA128D1DE436E100A2C9A5 /* FMLineLayout.h */ = {isa = PBXFileReference; fileEncoding = 4; lastKnownFileType = sourcecode.c.h; path = FMLineLayout.h; sourceTree = "<group>"; };
		E5DA128E1DE436E100A2C9A5 /* FMLineLayout.m */ = {isa = PBXFileReference; fileEncoding = 4; lastKnownFileType = sourcecode.c.objc; path = FMLineLayout.m; sourceTree = "<group>"; };
		E5DA12931DE44F9800A2C9A5 /* FMGridLayout.h */ = {isa = PBXFileReference; fileEncoding = 4; lastKnownFileType = sourcecode.c.h; path = FMGridLayout.h; sourceTree = "<group>"; };
		E5DA12941DE44F9800A2C9A5 /* FMGridLayout.m */ = {isa = PBXFileReference; fileEncoding = 4; lastKnownFileType = sourcecode.c.objc; path = FMGridLayout.m; sourceTree = "<group>"; };
		E5DA12961DE52C3500A2C9A5 /* FMCircleLayout.h */ = {isa = PBXFileReference; fileEncoding = 4; lastKnownFileType = sourcecode.c.h; path = FMCircleLayout.h; sourceTree = "<group>"; };
		E5DA12971DE52C3500A2C9A5 /* FMCircleLayout.m */ = {isa = PBXFileReference; fileEncoding = 4; lastKnownFileType = sourcecode.c.objc; path = FMCircleLayout.m; sourceTree = "<group>"; };
		E5DA12991DE54ABD00A2C9A5 /* FMWaterflowLayout.h */ = {isa = PBXFileReference; fileEncoding = 4; lastKnownFileType = sourcecode.c.h; path = FMWaterflowLayout.h; sourceTree = "<group>"; };
		E5DA129A1DE54ABD00A2C9A5 /* FMWaterflowLayout.m */ = {isa = PBXFileReference; fileEncoding = 4; lastKnownFileType = sourcecode.c.objc; path = FMWaterflowLayout.m; sourceTree = "<group>"; };
		E5EAA5501E7FD1EE00E870AF /* FMFilterViewController.h */ = {isa = PBXFileReference; fileEncoding = 4; lastKnownFileType = sourcecode.c.h; path = FMFilterViewController.h; sourceTree = "<group>"; };
		E5EAA5511E7FD1EE00E870AF /* FMFilterViewController.m */ = {isa = PBXFileReference; fileEncoding = 4; lastKnownFileType = sourcecode.c.objc; path = FMFilterViewController.m; sourceTree = "<group>"; };
		E5EAA5531E7FD21E00E870AF /* FMJDViewController.h */ = {isa = PBXFileReference; fileEncoding = 4; lastKnownFileType = sourcecode.c.h; path = FMJDViewController.h; sourceTree = "<group>"; };
		E5EAA5541E7FD21E00E870AF /* FMJDViewController.m */ = {isa = PBXFileReference; fileEncoding = 4; lastKnownFileType = sourcecode.c.objc; path = FMJDViewController.m; sourceTree = "<group>"; };
		FAB224CD20AFE332001651CA /* FMTestView.h */ = {isa = PBXFileReference; fileEncoding = 4; lastKnownFileType = sourcecode.c.h; path = FMTestView.h; sourceTree = "<group>"; };
		FAB224CE20AFE332001651CA /* FMTestView.xib */ = {isa = PBXFileReference; fileEncoding = 4; lastKnownFileType = file.xib; path = FMTestView.xib; sourceTree = "<group>"; };
		FAB224CF20AFE332001651CA /* FMTestView.m */ = {isa = PBXFileReference; fileEncoding = 4; lastKnownFileType = sourcecode.c.objc; path = FMTestView.m; sourceTree = "<group>"; };
		FAB224D220AFE3FF001651CA /* FMSafeAreaController.h */ = {isa = PBXFileReference; lastKnownFileType = sourcecode.c.h; path = FMSafeAreaController.h; sourceTree = "<group>"; };
		FAB224D320AFE3FF001651CA /* FMSafeAreaController.m */ = {isa = PBXFileReference; lastKnownFileType = sourcecode.c.objc; path = FMSafeAreaController.m; sourceTree = "<group>"; };
/* End PBXFileReference section */

/* Begin PBXFrameworksBuildPhase section */
		E5DA12491DE4274A00A2C9A5 /* Frameworks */ = {
			isa = PBXFrameworksBuildPhase;
			buildActionMask = 2147483647;
			files = (
				E52BEF661DFE743D00CFBC4E /* FrameworkTest.framework in Frameworks */,
				E52BEF671DFE760B00CFBC4E /* FrameworkTest.framework in Frameworks */,
			);
			runOnlyForDeploymentPostprocessing = 0;
		};
		E5DA12621DE4274A00A2C9A5 /* Frameworks */ = {
			isa = PBXFrameworksBuildPhase;
			buildActionMask = 2147483647;
			files = (
			);
			runOnlyForDeploymentPostprocessing = 0;
		};
		E5DA126D1DE4274A00A2C9A5 /* Frameworks */ = {
			isa = PBXFrameworksBuildPhase;
			buildActionMask = 2147483647;
			files = (
			);
			runOnlyForDeploymentPostprocessing = 0;
		};
/* End PBXFrameworksBuildPhase section */

/* Begin PBXGroup section */
		76B7AB0720AA752C00D02FA2 /* StarUI */ = {
			isa = PBXGroup;
			children = (
				76B7AB0820AA758200D02FA2 /* FMStarViewController.h */,
				76B7AB0920AA758200D02FA2 /* FMStarViewController.m */,
				76B7AB0B20AA77AD00D02FA2 /* CourseEvaluateListCell.h */,
				76B7AB0C20AA77AE00D02FA2 /* CourseEvaluateListCell.m */,
				76B7AB0D20AA77AE00D02FA2 /* image */,
				76B7AB1220AA77AE00D02FA2 /* RatingView */,
			);
			path = StarUI;
			sourceTree = "<group>";
		};
		76B7AB0D20AA77AE00D02FA2 /* image */ = {
			isa = PBXGroup;
			children = (
				76B7AB0E20AA77AE00D02FA2 /* UIImage+Rend.h */,
				76B7AB0F20AA77AE00D02FA2 /* UIImage+Rend.m */,
				76B7AB1020AA77AE00D02FA2 /* UIImageView+Border.h */,
				76B7AB1120AA77AE00D02FA2 /* UIImageView+Border.m */,
			);
			path = image;
			sourceTree = "<group>";
		};
		76B7AB1220AA77AE00D02FA2 /* RatingView */ = {
			isa = PBXGroup;
			children = (
				76B7AB1320AA77AE00D02FA2 /* YLRatingView.h */,
				76B7AB1420AA77AE00D02FA2 /* YLRatingView.m */,
			);
			path = RatingView;
			sourceTree = "<group>";
		};
		76F1EC6920AC349200AA36FB /* SpliceImage */ = {
			isa = PBXGroup;
			children = (
				76F1EC6A20AC34D300AA36FB /* SpliceImageController.h */,
				76F1EC6B20AC34D300AA36FB /* SpliceImageController.m */,
			);
			path = SpliceImage;
			sourceTree = "<group>";
		};
		E50BE6AB1E728A91004B0F33 /* CoreText */ = {
			isa = PBXGroup;
			children = (
				E50BE6AC1E728AB8004B0F33 /* FMCoreTextView.h */,
				E50BE6AD1E728AB8004B0F33 /* FMCoreTextView.m */,
			);
			path = CoreText;
			sourceTree = "<group>";
		};
		E5381DCD1F8C9A6A00DB2B04 /* NavKeepTest */ = {
			isa = PBXGroup;
			children = (
				E5381DCE1F8C9AF300DB2B04 /* FirstViewController.h */,
				E5381DCF1F8C9AF300DB2B04 /* FirstViewController.m */,
				E5381DD11F8C9B0000DB2B04 /* SecondViewController.h */,
				E5381DD21F8C9B0000DB2B04 /* SecondViewController.m */,
			);
			path = NavKeepTest;
			sourceTree = "<group>";
		};
		E5B9292D1E305CDA00FFCE10 /* XLPhotoBrowser */ = {
			isa = PBXGroup;
			children = (
				E5B9292E1E305CDA00FFCE10 /* UIImage+XLExtension.h */,
				E5B9292F1E305CDA00FFCE10 /* UIImage+XLExtension.m */,
				E5B929301E305CDA00FFCE10 /* UIView+XLExtension.h */,
				E5B929311E305CDA00FFCE10 /* UIView+XLExtension.m */,
				E5B929321E305CDA00FFCE10 /* Vender */,
				E5B9296A1E305CDA00FFCE10 /* XLPhotoBrowser.h */,
				E5B9296B1E305CDA00FFCE10 /* XLPhotoBrowser.m */,
				E5B9296C1E305CDA00FFCE10 /* XLPhotoBrowserConfig.h */,
				E5B9296D1E305CDA00FFCE10 /* XLProgressView.h */,
				E5B9296E1E305CDA00FFCE10 /* XLProgressView.m */,
				E5B9296F1E305CDA00FFCE10 /* XLZoomingScrollView.h */,
				E5B929701E305CDA00FFCE10 /* XLZoomingScrollView.m */,
			);
			path = XLPhotoBrowser;
			sourceTree = "<group>";
		};
		E5B929321E305CDA00FFCE10 /* Vender */ = {
			isa = PBXGroup;
			children = (
				E5B929331E305CDA00FFCE10 /* FSActionSheet */,
				E5B9293F1E305CDA00FFCE10 /* PageControl */,
				E5B929481E305CDA00FFCE10 /* SDWebImage */,
			);
			path = Vender;
			sourceTree = "<group>";
		};
		E5B929331E305CDA00FFCE10 /* FSActionSheet */ = {
			isa = PBXGroup;
			children = (
				E5B929341E305CDA00FFCE10 /* FSActionSheet.h */,
				E5B929351E305CDA00FFCE10 /* FSActionSheet.m */,
				E5B929361E305CDA00FFCE10 /* FSActionSheetCell.h */,
				E5B929371E305CDA00FFCE10 /* FSActionSheetCell.m */,
				E5B929381E305CDA00FFCE10 /* FSActionSheetConfig.h */,
				E5B929391E305CDA00FFCE10 /* FSActionSheetConfig.m */,
				E5B9293A1E305CDA00FFCE10 /* FSActionSheetItem.h */,
				E5B9293B1E305CDA00FFCE10 /* FSActionSheetItem.m */,
				E5B9293C1E305CDA00FFCE10 /* FSActionSheetResources */,
			);
			path = FSActionSheet;
			sourceTree = "<group>";
		};
		E5B9293C1E305CDA00FFCE10 /* FSActionSheetResources */ = {
			isa = PBXGroup;
			children = (
				E5B9293D1E305CDA00FFCE10 /* FSActionSheet_cancel@2x.png */,
				E5B9293E1E305CDA00FFCE10 /* FSActionSheet_cancel@3x.png */,
			);
			path = FSActionSheetResources;
			sourceTree = "<group>";
		};
		E5B9293F1E305CDA00FFCE10 /* PageControl */ = {
			isa = PBXGroup;
			children = (
				E5B929401E305CDA00FFCE10 /* TAAbstractDotView.h */,
				E5B929411E305CDA00FFCE10 /* TAAbstractDotView.m */,
				E5B929421E305CDA00FFCE10 /* TAAnimatedDotView.h */,
				E5B929431E305CDA00FFCE10 /* TAAnimatedDotView.m */,
				E5B929441E305CDA00FFCE10 /* TADotView.h */,
				E5B929451E305CDA00FFCE10 /* TADotView.m */,
				E5B929461E305CDA00FFCE10 /* TAPageControl.h */,
				E5B929471E305CDA00FFCE10 /* TAPageControl.m */,
			);
			path = PageControl;
			sourceTree = "<group>";
		};
		E5B929481E305CDA00FFCE10 /* SDWebImage */ = {
			isa = PBXGroup;
			children = (
				E5B929491E305CDA00FFCE10 /* MKAnnotationView+WebCache.h */,
				E5B9294A1E305CDA00FFCE10 /* MKAnnotationView+WebCache.m */,
				E5B9294B1E305CDA00FFCE10 /* NSData+ImageContentType.h */,
				E5B9294C1E305CDA00FFCE10 /* NSData+ImageContentType.m */,
				E5B9294D1E305CDA00FFCE10 /* SDImageCache.h */,
				E5B9294E1E305CDA00FFCE10 /* SDImageCache.m */,
				E5B9294F1E305CDA00FFCE10 /* SDWebImageCompat.h */,
				E5B929501E305CDA00FFCE10 /* SDWebImageCompat.m */,
				E5B929511E305CDA00FFCE10 /* SDWebImageDecoder.h */,
				E5B929521E305CDA00FFCE10 /* SDWebImageDecoder.m */,
				E5B929531E305CDA00FFCE10 /* SDWebImageDownloader.h */,
				E5B929541E305CDA00FFCE10 /* SDWebImageDownloader.m */,
				E5B929551E305CDA00FFCE10 /* SDWebImageDownloaderOperation.h */,
				E5B929561E305CDA00FFCE10 /* SDWebImageDownloaderOperation.m */,
				E5B929571E305CDA00FFCE10 /* SDWebImageManager.h */,
				E5B929581E305CDA00FFCE10 /* SDWebImageManager.m */,
				E5B929591E305CDA00FFCE10 /* SDWebImageOperation.h */,
				E5B9295A1E305CDA00FFCE10 /* SDWebImagePrefetcher.h */,
				E5B9295B1E305CDA00FFCE10 /* SDWebImagePrefetcher.m */,
				E5B9295C1E305CDA00FFCE10 /* UIButton+WebCache.h */,
				E5B9295D1E305CDA00FFCE10 /* UIButton+WebCache.m */,
				E5B9295E1E305CDA00FFCE10 /* UIImage+GIF.h */,
				E5B9295F1E305CDA00FFCE10 /* UIImage+GIF.m */,
				E5B929601E305CDA00FFCE10 /* UIImage+MultiFormat.h */,
				E5B929611E305CDA00FFCE10 /* UIImage+MultiFormat.m */,
				E5B929621E305CDA00FFCE10 /* UIImage+WebP.h */,
				E5B929631E305CDA00FFCE10 /* UIImage+WebP.m */,
				E5B929641E305CDA00FFCE10 /* UIImageView+HighlightedWebCache.h */,
				E5B929651E305CDA00FFCE10 /* UIImageView+HighlightedWebCache.m */,
				E5B929661E305CDA00FFCE10 /* UIImageView+WebCache.h */,
				E5B929671E305CDA00FFCE10 /* UIImageView+WebCache.m */,
				E5B929681E305CDA00FFCE10 /* UIView+WebCacheOperation.h */,
				E5B929691E305CDA00FFCE10 /* UIView+WebCacheOperation.m */,
			);
			path = SDWebImage;
			sourceTree = "<group>";
		};
		E5CB24151E6CF126006B0045 /* CustomButton */ = {
			isa = PBXGroup;
			children = (
				E5CB24161E6CF1BC006B0045 /* FMVerticalButton.h */,
				E5CB24171E6CF1BC006B0045 /* FMVerticalButton.m */,
			);
			path = CustomButton;
			sourceTree = "<group>";
		};
		E5CC36C91E5C176000417E5D /* ScrollHeader */ = {
			isa = PBXGroup;
			children = (
				E5CC36CD1E5C1C5A00417E5D /* FMTitleHeaderView.h */,
				E5CC36CE1E5C1C5A00417E5D /* FMTitleHeaderView.m */,
				E5CC36D01E5C216700417E5D /* FMTitleLabel.h */,
				E5CC36D11E5C216700417E5D /* FMTitleLabel.m */,
			);
			path = ScrollHeader;
			sourceTree = "<group>";
		};
		E5D7EA871F2195FA00DA8133 /* BrightnessView */ = {
			isa = PBXGroup;
			children = (
				E5D7EA8B1F21976800DA8133 /* FMSources.bundle */,
				E5D7EA881F21965000DA8133 /* FMBrightnessView.h */,
				E5D7EA891F21965000DA8133 /* FMBrightnessView.m */,
				E5D7EA8D1F2198BC00DA8133 /* UIApplication+FMExtension.h */,
				E5D7EA8E1F2198BC00DA8133 /* UIApplication+FMExtension.m */,
			);
			path = BrightnessView;
			sourceTree = "<group>";
		};
		E5DA12431DE4274A00A2C9A5 = {
			isa = PBXGroup;
			children = (
				76F1EC6F20AD320700AA36FB /* DINCond-Medium.otf */,
				76F1EC6D20AD2C9E00AA36FB /* DINEngschriftStd.ttf */,
				E5DA124E1DE4274A00A2C9A5 /* 05_DIYUI */,
				E5DA12681DE4274A00A2C9A5 /* 05_DIYUITests */,
				E5DA12731DE4274A00A2C9A5 /* 05_DIYUIUITests */,
				E5DA124D1DE4274A00A2C9A5 /* Products */,
			);
			sourceTree = "<group>";
		};
		E5DA124D1DE4274A00A2C9A5 /* Products */ = {
			isa = PBXGroup;
			children = (
				E5DA124C1DE4274A00A2C9A5 /* 05_DIYUI.app */,
				E5DA12651DE4274A00A2C9A5 /* 05_DIYUITests.xctest */,
				E5DA12701DE4274A00A2C9A5 /* 05_DIYUIUITests.xctest */,
			);
			name = Products;
			sourceTree = "<group>";
		};
		E5DA124E1DE4274A00A2C9A5 /* 05_DIYUI */ = {
			isa = PBXGroup;
			children = (
				FAB224CC20AFE2D6001651CA /* SafeAreaTest */,
				76F1EC6920AC349200AA36FB /* SpliceImage */,
				76B7AB0720AA752C00D02FA2 /* StarUI */,
				E5381DCD1F8C9A6A00DB2B04 /* NavKeepTest */,
				E5D7EA871F2195FA00DA8133 /* BrightnessView */,
				E5EAA54F1E7FD1BE00E870AF /* JDFilter */,
				E50BE6AB1E728A91004B0F33 /* CoreText */,
				E5CB24151E6CF126006B0045 /* CustomButton */,
				E5CC36C91E5C176000417E5D /* ScrollHeader */,
				E52BEF651DFE743D00CFBC4E /* FrameworkTest.framework */,
				E5DA128B1DE4328300A2C9A5 /* Others */,
				E5DA12821DE42CE000A2C9A5 /* Cell */,
				E5DA12831DE42CE000A2C9A5 /* Layout */,
				E5DA12521DE4274A00A2C9A5 /* AppDelegate.h */,
				E5DA12531DE4274A00A2C9A5 /* AppDelegate.m */,
				E5DA12551DE4274A00A2C9A5 /* ViewController.h */,
				E5DA12561DE4274A00A2C9A5 /* ViewController.m */,
				E5DA12581DE4274A00A2C9A5 /* Main.storyboard */,
				E5DA125B1DE4274A00A2C9A5 /* Assets.xcassets */,
				E5DA125D1DE4274A00A2C9A5 /* LaunchScreen.storyboard */,
				E5DA12601DE4274A00A2C9A5 /* Info.plist */,
				E5DA124F1DE4274A00A2C9A5 /* Supporting Files */,
			);
			path = 05_DIYUI;
			sourceTree = "<group>";
		};
		E5DA124F1DE4274A00A2C9A5 /* Supporting Files */ = {
			isa = PBXGroup;
			children = (
				E5DA12501DE4274A00A2C9A5 /* main.m */,
			);
			name = "Supporting Files";
			sourceTree = "<group>";
		};
		E5DA12681DE4274A00A2C9A5 /* 05_DIYUITests */ = {
			isa = PBXGroup;
			children = (
				E5DA12691DE4274A00A2C9A5 /* _5_DIYUITests.m */,
				E5DA126B1DE4274A00A2C9A5 /* Info.plist */,
			);
			path = 05_DIYUITests;
			sourceTree = "<group>";
		};
		E5DA12731DE4274A00A2C9A5 /* 05_DIYUIUITests */ = {
			isa = PBXGroup;
			children = (
				E5DA12741DE4274A00A2C9A5 /* _5_DIYUIUITests.m */,
				E5DA12761DE4274A00A2C9A5 /* Info.plist */,
			);
			path = 05_DIYUIUITests;
			sourceTree = "<group>";
		};
		E5DA12821DE42CE000A2C9A5 /* Cell */ = {
			isa = PBXGroup;
			children = (
				E5DA12841DE42D3C00A2C9A5 /* FMPhotoCell.h */,
				E5DA12851DE42D3C00A2C9A5 /* FMPhotoCell.m */,
				E5DA12861DE42D3C00A2C9A5 /* FMPhotoCell.xib */,
			);
			path = Cell;
			sourceTree = "<group>";
		};
		E5DA12831DE42CE000A2C9A5 /* Layout */ = {
			isa = PBXGroup;
			children = (
				E5DA128D1DE436E100A2C9A5 /* FMLineLayout.h */,
				E5DA128E1DE436E100A2C9A5 /* FMLineLayout.m */,
				E5DA12931DE44F9800A2C9A5 /* FMGridLayout.h */,
				E5DA12941DE44F9800A2C9A5 /* FMGridLayout.m */,
				E5DA12961DE52C3500A2C9A5 /* FMCircleLayout.h */,
				E5DA12971DE52C3500A2C9A5 /* FMCircleLayout.m */,
				E5DA12991DE54ABD00A2C9A5 /* FMWaterflowLayout.h */,
				E5DA129A1DE54ABD00A2C9A5 /* FMWaterflowLayout.m */,
				97BA3AC7225B597F004FB56C /* TULineLayout.h */,
				97BA3AC8225B597F004FB56C /* TULineLayout.m */,
			);
			path = Layout;
			sourceTree = "<group>";
		};
		E5DA128B1DE4328300A2C9A5 /* Others */ = {
			isa = PBXGroup;
			children = (
				E5B9292D1E305CDA00FFCE10 /* XLPhotoBrowser */,
				E5DA128C1DE432A300A2C9A5 /* DIYUI.pch */,
			);
			path = Others;
			sourceTree = "<group>";
		};
		E5EAA54F1E7FD1BE00E870AF /* JDFilter */ = {
			isa = PBXGroup;
			children = (
				E5EAA5531E7FD21E00E870AF /* FMJDViewController.h */,
				E5EAA5541E7FD21E00E870AF /* FMJDViewController.m */,
				E5EAA5501E7FD1EE00E870AF /* FMFilterViewController.h */,
				E5EAA5511E7FD1EE00E870AF /* FMFilterViewController.m */,
			);
			path = JDFilter;
			sourceTree = "<group>";
		};
		FAB224CC20AFE2D6001651CA /* SafeAreaTest */ = {
			isa = PBXGroup;
			children = (
				FAB224CD20AFE332001651CA /* FMTestView.h */,
				FAB224CF20AFE332001651CA /* FMTestView.m */,
				FAB224CE20AFE332001651CA /* FMTestView.xib */,
				FAB224D220AFE3FF001651CA /* FMSafeAreaController.h */,
				FAB224D320AFE3FF001651CA /* FMSafeAreaController.m */,
			);
			path = SafeAreaTest;
			sourceTree = "<group>";
		};
/* End PBXGroup section */

/* Begin PBXNativeTarget section */
		E5DA124B1DE4274A00A2C9A5 /* 05_DIYUI */ = {
			isa = PBXNativeTarget;
			buildConfigurationList = E5DA12791DE4274A00A2C9A5 /* Build configuration list for PBXNativeTarget "05_DIYUI" */;
			buildPhases = (
				E5DA12481DE4274A00A2C9A5 /* Sources */,
				E5DA12491DE4274A00A2C9A5 /* Frameworks */,
				E5DA124A1DE4274A00A2C9A5 /* Resources */,
				E52BEF691DFE760B00CFBC4E /* Embed Frameworks */,
			);
			buildRules = (
			);
			dependencies = (
			);
			name = 05_DIYUI;
			productName = 05_DIYUI;
			productReference = E5DA124C1DE4274A00A2C9A5 /* 05_DIYUI.app */;
			productType = "com.apple.product-type.application";
		};
		E5DA12641DE4274A00A2C9A5 /* 05_DIYUITests */ = {
			isa = PBXNativeTarget;
			buildConfigurationList = E5DA127C1DE4274A00A2C9A5 /* Build configuration list for PBXNativeTarget "05_DIYUITests" */;
			buildPhases = (
				E5DA12611DE4274A00A2C9A5 /* Sources */,
				E5DA12621DE4274A00A2C9A5 /* Frameworks */,
				E5DA12631DE4274A00A2C9A5 /* Resources */,
			);
			buildRules = (
			);
			dependencies = (
				E5DA12671DE4274A00A2C9A5 /* PBXTargetDependency */,
			);
			name = 05_DIYUITests;
			productName = 05_DIYUITests;
			productReference = E5DA12651DE4274A00A2C9A5 /* 05_DIYUITests.xctest */;
			productType = "com.apple.product-type.bundle.unit-test";
		};
		E5DA126F1DE4274A00A2C9A5 /* 05_DIYUIUITests */ = {
			isa = PBXNativeTarget;
			buildConfigurationList = E5DA127F1DE4274A00A2C9A5 /* Build configuration list for PBXNativeTarget "05_DIYUIUITests" */;
			buildPhases = (
				E5DA126C1DE4274A00A2C9A5 /* Sources */,
				E5DA126D1DE4274A00A2C9A5 /* Frameworks */,
				E5DA126E1DE4274A00A2C9A5 /* Resources */,
			);
			buildRules = (
			);
			dependencies = (
				E5DA12721DE4274A00A2C9A5 /* PBXTargetDependency */,
			);
			name = 05_DIYUIUITests;
			productName = 05_DIYUIUITests;
			productReference = E5DA12701DE4274A00A2C9A5 /* 05_DIYUIUITests.xctest */;
			productType = "com.apple.product-type.bundle.ui-testing";
		};
/* End PBXNativeTarget section */

/* Begin PBXProject section */
		E5DA12441DE4274A00A2C9A5 /* Project object */ = {
			isa = PBXProject;
			attributes = {
				LastUpgradeCheck = 0730;
				ORGANIZATIONNAME = Windy;
				TargetAttributes = {
					E5DA124B1DE4274A00A2C9A5 = {
						CreatedOnToolsVersion = 7.3;
						DevelopmentTeam = 6AS4N82Q9E;
					};
					E5DA12641DE4274A00A2C9A5 = {
						CreatedOnToolsVersion = 7.3;
						TestTargetID = E5DA124B1DE4274A00A2C9A5;
					};
					E5DA126F1DE4274A00A2C9A5 = {
						CreatedOnToolsVersion = 7.3;
						TestTargetID = E5DA124B1DE4274A00A2C9A5;
					};
				};
			};
			buildConfigurationList = E5DA12471DE4274A00A2C9A5 /* Build configuration list for PBXProject "05_DIYUI" */;
			compatibilityVersion = "Xcode 3.2";
			developmentRegion = English;
			hasScannedForEncodings = 0;
			knownRegions = (
				en,
				Base,
			);
			mainGroup = E5DA12431DE4274A00A2C9A5;
			productRefGroup = E5DA124D1DE4274A00A2C9A5 /* Products */;
			projectDirPath = "";
			projectRoot = "";
			targets = (
				E5DA124B1DE4274A00A2C9A5 /* 05_DIYUI */,
				E5DA12641DE4274A00A2C9A5 /* 05_DIYUITests */,
				E5DA126F1DE4274A00A2C9A5 /* 05_DIYUIUITests */,
			);
		};
/* End PBXProject section */

/* Begin PBXResourcesBuildPhase section */
		E5DA124A1DE4274A00A2C9A5 /* Resources */ = {
			isa = PBXResourcesBuildPhase;
			buildActionMask = 2147483647;
			files = (
				76F1EC7020AD320700AA36FB /* DINCond-Medium.otf in Resources */,
				76F1EC6E20AD2C9F00AA36FB /* DINEngschriftStd.ttf in Resources */,
				E5DA125F1DE4274A00A2C9A5 /* LaunchScreen.storyboard in Resources */,
				E5DA12881DE42D3C00A2C9A5 /* FMPhotoCell.xib in Resources */,
				E5DA125C1DE4274A00A2C9A5 /* Assets.xcassets in Resources */,
				E5DA125A1DE4274A00A2C9A5 /* Main.storyboard in Resources */,
				E5B929781E305CDB00FFCE10 /* FSActionSheet_cancel@3x.png in Resources */,
				E5B929771E305CDB00FFCE10 /* FSActionSheet_cancel@2x.png in Resources */,
				E5D7EA8C1F21976800DA8133 /* FMSources.bundle in Resources */,
				FAB224D020AFE332001651CA /* FMTestView.xib in Resources */,
			);
			runOnlyForDeploymentPostprocessing = 0;
		};
		E5DA12631DE4274A00A2C9A5 /* Resources */ = {
			isa = PBXResourcesBuildPhase;
			buildActionMask = 2147483647;
			files = (
			);
			runOnlyForDeploymentPostprocessing = 0;
		};
		E5DA126E1DE4274A00A2C9A5 /* Resources */ = {
			isa = PBXResourcesBuildPhase;
			buildActionMask = 2147483647;
			files = (
			);
			runOnlyForDeploymentPostprocessing = 0;
		};
/* End PBXResourcesBuildPhase section */

/* Begin PBXSourcesBuildPhase section */
		E5DA12481DE4274A00A2C9A5 /* Sources */ = {
			isa = PBXSourcesBuildPhase;
			buildActionMask = 2147483647;
			files = (
				FAB224D420AFE3FF001651CA /* FMSafeAreaController.m in Sources */,
				E5B9298C1E305CDB00FFCE10 /* UIView+WebCacheOperation.m in Sources */,
				E5B929751E305CDB00FFCE10 /* FSActionSheetConfig.m in Sources */,
				E5B929791E305CDB00FFCE10 /* TAAbstractDotView.m in Sources */,
				E5B9298A1E305CDB00FFCE10 /* UIImageView+HighlightedWebCache.m in Sources */,
				E5B929721E305CDA00FFCE10 /* UIView+XLExtension.m in Sources */,
				76B7AB1520AA77AE00D02FA2 /* CourseEvaluateListCell.m in Sources */,
				E5EAA5551E7FD21E00E870AF /* FMJDViewController.m in Sources */,
				E5DA12571DE4274A00A2C9A5 /* ViewController.m in Sources */,
				E5B929741E305CDB00FFCE10 /* FSActionSheetCell.m in Sources */,
				E5B929841E305CDB00FFCE10 /* SDWebImageManager.m in Sources */,
				E5CC36D21E5C216700417E5D /* FMTitleLabel.m in Sources */,
				E5EAA5521E7FD1EE00E870AF /* FMFilterViewController.m in Sources */,
				76B7AB1620AA77AE00D02FA2 /* UIImage+Rend.m in Sources */,
				E5B929811E305CDB00FFCE10 /* SDWebImageDecoder.m in Sources */,
				E5DA128F1DE436E100A2C9A5 /* FMLineLayout.m in Sources */,
				76B7AB0A20AA758200D02FA2 /* FMStarViewController.m in Sources */,
				E5DA129B1DE54ABD00A2C9A5 /* FMWaterflowLayout.m in Sources */,
				E5B929851E305CDB00FFCE10 /* SDWebImagePrefetcher.m in Sources */,
				E5B9298B1E305CDB00FFCE10 /* UIImageView+WebCache.m in Sources */,
				E5CB24181E6CF1BC006B0045 /* FMVerticalButton.m in Sources */,
				E5CC36CF1E5C1C5A00417E5D /* FMTitleHeaderView.m in Sources */,
				E5B929731E305CDB00FFCE10 /* FSActionSheet.m in Sources */,
				E5381DD01F8C9AF300DB2B04 /* FirstViewController.m in Sources */,
				E5B9297A1E305CDB00FFCE10 /* TAAnimatedDotView.m in Sources */,
				E5DA12871DE42D3C00A2C9A5 /* FMPhotoCell.m in Sources */,
				76F1EC6C20AC34D300AA36FB /* SpliceImageController.m in Sources */,
				E5D7EA8F1F2198BC00DA8133 /* UIApplication+FMExtension.m in Sources */,
				FAB224D120AFE332001651CA /* FMTestView.m in Sources */,
				76B7AB1820AA77AE00D02FA2 /* YLRatingView.m in Sources */,
				E5B929871E305CDB00FFCE10 /* UIImage+GIF.m in Sources */,
				E5B929891E305CDB00FFCE10 /* UIImage+WebP.m in Sources */,
				E5B9297E1E305CDB00FFCE10 /* NSData+ImageContentType.m in Sources */,
				E5B929801E305CDB00FFCE10 /* SDWebImageCompat.m in Sources */,
				E5B929711E305CDA00FFCE10 /* UIImage+XLExtension.m in Sources */,
				E5B929761E305CDB00FFCE10 /* FSActionSheetItem.m in Sources */,
				E5B9297F1E305CDB00FFCE10 /* SDImageCache.m in Sources */,
				E5D7EA8A1F21965000DA8133 /* FMBrightnessView.m in Sources */,
				E5B9298D1E305CDB00FFCE10 /* XLPhotoBrowser.m in Sources */,
				E5B929821E305CDB00FFCE10 /* SDWebImageDownloader.m in Sources */,
				E5DA12541DE4274A00A2C9A5 /* AppDelegate.m in Sources */,
				E5DA12951DE44F9800A2C9A5 /* FMGridLayout.m in Sources */,
				E5B9298E1E305CDB00FFCE10 /* XLProgressView.m in Sources */,
				E5381DD31F8C9B0000DB2B04 /* SecondViewController.m in Sources */,
				E5B929881E305CDB00FFCE10 /* UIImage+MultiFormat.m in Sources */,
				E5B929861E305CDB00FFCE10 /* UIButton+WebCache.m in Sources */,
				E50BE6AE1E728AB8004B0F33 /* FMCoreTextView.m in Sources */,
				E5DA12981DE52C3500A2C9A5 /* FMCircleLayout.m in Sources */,
				97BA3AC9225B597F004FB56C /* TULineLayout.m in Sources */,
				E5B9297D1E305CDB00FFCE10 /* MKAnnotationView+WebCache.m in Sources */,
				E5B929831E305CDB00FFCE10 /* SDWebImageDownloaderOperation.m in Sources */,
				76B7AB1720AA77AE00D02FA2 /* UIImageView+Border.m in Sources */,
				E5B9298F1E305CDB00FFCE10 /* XLZoomingScrollView.m in Sources */,
				E5B9297B1E305CDB00FFCE10 /* TADotView.m in Sources */,
				E5DA12511DE4274A00A2C9A5 /* main.m in Sources */,
				E5B9297C1E305CDB00FFCE10 /* TAPageControl.m in Sources */,
			);
			runOnlyForDeploymentPostprocessing = 0;
		};
		E5DA12611DE4274A00A2C9A5 /* Sources */ = {
			isa = PBXSourcesBuildPhase;
			buildActionMask = 2147483647;
			files = (
				E5DA126A1DE4274A00A2C9A5 /* _5_DIYUITests.m in Sources */,
			);
			runOnlyForDeploymentPostprocessing = 0;
		};
		E5DA126C1DE4274A00A2C9A5 /* Sources */ = {
			isa = PBXSourcesBuildPhase;
			buildActionMask = 2147483647;
			files = (
				E5DA12751DE4274A00A2C9A5 /* _5_DIYUIUITests.m in Sources */,
			);
			runOnlyForDeploymentPostprocessing = 0;
		};
/* End PBXSourcesBuildPhase section */

/* Begin PBXTargetDependency section */
		E5DA12671DE4274A00A2C9A5 /* PBXTargetDependency */ = {
			isa = PBXTargetDependency;
			target = E5DA124B1DE4274A00A2C9A5 /* 05_DIYUI */;
			targetProxy = E5DA12661DE4274A00A2C9A5 /* PBXContainerItemProxy */;
		};
		E5DA12721DE4274A00A2C9A5 /* PBXTargetDependency */ = {
			isa = PBXTargetDependency;
			target = E5DA124B1DE4274A00A2C9A5 /* 05_DIYUI */;
			targetProxy = E5DA12711DE4274A00A2C9A5 /* PBXContainerItemProxy */;
		};
/* End PBXTargetDependency section */

/* Begin PBXVariantGroup section */
		E5DA12581DE4274A00A2C9A5 /* Main.storyboard */ = {
			isa = PBXVariantGroup;
			children = (
				E5DA12591DE4274A00A2C9A5 /* Base */,
			);
			name = Main.storyboard;
			sourceTree = "<group>";
		};
		E5DA125D1DE4274A00A2C9A5 /* LaunchScreen.storyboard */ = {
			isa = PBXVariantGroup;
			children = (
				E5DA125E1DE4274A00A2C9A5 /* Base */,
			);
			name = LaunchScreen.storyboard;
			sourceTree = "<group>";
		};
/* End PBXVariantGroup section */

/* Begin XCBuildConfiguration section */
		E5DA12771DE4274A00A2C9A5 /* Debug */ = {
			isa = XCBuildConfiguration;
			buildSettings = {
				ALWAYS_SEARCH_USER_PATHS = NO;
				CLANG_ANALYZER_NONNULL = YES;
				CLANG_CXX_LANGUAGE_STANDARD = "gnu++0x";
				CLANG_CXX_LIBRARY = "libc++";
				CLANG_ENABLE_MODULES = YES;
				CLANG_ENABLE_OBJC_ARC = YES;
				CLANG_WARN_BOOL_CONVERSION = YES;
				CLANG_WARN_CONSTANT_CONVERSION = YES;
				CLANG_WARN_DIRECT_OBJC_ISA_USAGE = YES_ERROR;
				CLANG_WARN_EMPTY_BODY = YES;
				CLANG_WARN_ENUM_CONVERSION = YES;
				CLANG_WARN_INT_CONVERSION = YES;
				CLANG_WARN_OBJC_ROOT_CLASS = YES_ERROR;
				CLANG_WARN_UNREACHABLE_CODE = YES;
				CLANG_WARN__DUPLICATE_METHOD_MATCH = YES;
				"CODE_SIGN_IDENTITY[sdk=iphoneos*]" = "iPhone Developer";
				COPY_PHASE_STRIP = NO;
				DEBUG_INFORMATION_FORMAT = dwarf;
				ENABLE_STRICT_OBJC_MSGSEND = YES;
				ENABLE_TESTABILITY = YES;
				GCC_C_LANGUAGE_STANDARD = gnu99;
				GCC_DYNAMIC_NO_PIC = NO;
				GCC_NO_COMMON_BLOCKS = YES;
				GCC_OPTIMIZATION_LEVEL = 0;
				GCC_PREFIX_HEADER = "";
				GCC_PREPROCESSOR_DEFINITIONS = (
					"DEBUG=1",
					"$(inherited)",
				);
				GCC_WARN_64_TO_32_BIT_CONVERSION = YES;
				GCC_WARN_ABOUT_RETURN_TYPE = YES_ERROR;
				GCC_WARN_UNDECLARED_SELECTOR = YES;
				GCC_WARN_UNINITIALIZED_AUTOS = YES_AGGRESSIVE;
				GCC_WARN_UNUSED_FUNCTION = YES;
				GCC_WARN_UNUSED_VARIABLE = YES;
				IPHONEOS_DEPLOYMENT_TARGET = 9.3;
				MTL_ENABLE_DEBUG_INFO = YES;
				ONLY_ACTIVE_ARCH = YES;
				SDKROOT = iphoneos;
				TARGETED_DEVICE_FAMILY = "1,2";
			};
			name = Debug;
		};
		E5DA12781DE4274A00A2C9A5 /* Release */ = {
			isa = XCBuildConfiguration;
			buildSettings = {
				ALWAYS_SEARCH_USER_PATHS = NO;
				CLANG_ANALYZER_NONNULL = YES;
				CLANG_CXX_LANGUAGE_STANDARD = "gnu++0x";
				CLANG_CXX_LIBRARY = "libc++";
				CLANG_ENABLE_MODULES = YES;
				CLANG_ENABLE_OBJC_ARC = YES;
				CLANG_WARN_BOOL_CONVERSION = YES;
				CLANG_WARN_CONSTANT_CONVERSION = YES;
				CLANG_WARN_DIRECT_OBJC_ISA_USAGE = YES_ERROR;
				CLANG_WARN_EMPTY_BODY = YES;
				CLANG_WARN_ENUM_CONVERSION = YES;
				CLANG_WARN_INT_CONVERSION = YES;
				CLANG_WARN_OBJC_ROOT_CLASS = YES_ERROR;
				CLANG_WARN_UNREACHABLE_CODE = YES;
				CLANG_WARN__DUPLICATE_METHOD_MATCH = YES;
				"CODE_SIGN_IDENTITY[sdk=iphoneos*]" = "iPhone Developer";
				COPY_PHASE_STRIP = NO;
				DEBUG_INFORMATION_FORMAT = "dwarf-with-dsym";
				ENABLE_NS_ASSERTIONS = NO;
				ENABLE_STRICT_OBJC_MSGSEND = YES;
				GCC_C_LANGUAGE_STANDARD = gnu99;
				GCC_NO_COMMON_BLOCKS = YES;
				GCC_PREFIX_HEADER = "";
				GCC_WARN_64_TO_32_BIT_CONVERSION = YES;
				GCC_WARN_ABOUT_RETURN_TYPE = YES_ERROR;
				GCC_WARN_UNDECLARED_SELECTOR = YES;
				GCC_WARN_UNINITIALIZED_AUTOS = YES_AGGRESSIVE;
				GCC_WARN_UNUSED_FUNCTION = YES;
				GCC_WARN_UNUSED_VARIABLE = YES;
				IPHONEOS_DEPLOYMENT_TARGET = 9.3;
				MTL_ENABLE_DEBUG_INFO = NO;
				SDKROOT = iphoneos;
				TARGETED_DEVICE_FAMILY = "1,2";
				VALIDATE_PRODUCT = YES;
			};
			name = Release;
		};
		E5DA127A1DE4274A00A2C9A5 /* Debug */ = {
			isa = XCBuildConfiguration;
			buildSettings = {
				ASSETCATALOG_COMPILER_APPICON_NAME = AppIcon;
				DEVELOPMENT_TEAM = 6AS4N82Q9E;
				FRAMEWORK_SEARCH_PATHS = (
					"$(inherited)",
					"$(PROJECT_DIR)/05_DIYUI",
				);
				GCC_PREFIX_HEADER = 05_DIYUI/Others/DIYUI.pch;
				INFOPLIST_FILE = 05_DIYUI/Info.plist;
				IPHONEOS_DEPLOYMENT_TARGET = 9.0;
				LD_RUNPATH_SEARCH_PATHS = "$(inherited) @executable_path/Frameworks";
				PRODUCT_BUNDLE_IDENTIFIER = "senyint.-5-DIYUI";
				PRODUCT_NAME = "$(TARGET_NAME)";
			};
			name = Debug;
		};
		E5DA127B1DE4274A00A2C9A5 /* Release */ = {
			isa = XCBuildConfiguration;
			buildSettings = {
				ASSETCATALOG_COMPILER_APPICON_NAME = AppIcon;
				DEVELOPMENT_TEAM = 6AS4N82Q9E;
				FRAMEWORK_SEARCH_PATHS = (
					"$(inherited)",
					"$(PROJECT_DIR)/05_DIYUI",
				);
				GCC_PREFIX_HEADER = 05_DIYUI/Others/DIYUI.pch;
				INFOPLIST_FILE = 05_DIYUI/Info.plist;
				IPHONEOS_DEPLOYMENT_TARGET = 9.0;
				LD_RUNPATH_SEARCH_PATHS = "$(inherited) @executable_path/Frameworks";
				PRODUCT_BUNDLE_IDENTIFIER = "senyint.-5-DIYUI";
				PRODUCT_NAME = "$(TARGET_NAME)";
			};
			name = Release;
		};
		E5DA127D1DE4274A00A2C9A5 /* Debug */ = {
			isa = XCBuildConfiguration;
			buildSettings = {
				BUNDLE_LOADER = "$(TEST_HOST)";
				INFOPLIST_FILE = 05_DIYUITests/Info.plist;
				LD_RUNPATH_SEARCH_PATHS = "$(inherited) @executable_path/Frameworks @loader_path/Frameworks";
				PRODUCT_BUNDLE_IDENTIFIER = "senyint.-5-DIYUITests";
				PRODUCT_NAME = "$(TARGET_NAME)";
				TEST_HOST = "$(BUILT_PRODUCTS_DIR)/05_DIYUI.app/05_DIYUI";
			};
			name = Debug;
		};
		E5DA127E1DE4274A00A2C9A5 /* Release */ = {
			isa = XCBuildConfiguration;
			buildSettings = {
				BUNDLE_LOADER = "$(TEST_HOST)";
				INFOPLIST_FILE = 05_DIYUITests/Info.plist;
				LD_RUNPATH_SEARCH_PATHS = "$(inherited) @executable_path/Frameworks @loader_path/Frameworks";
				PRODUCT_BUNDLE_IDENTIFIER = "senyint.-5-DIYUITests";
				PRODUCT_NAME = "$(TARGET_NAME)";
				TEST_HOST = "$(BUILT_PRODUCTS_DIR)/05_DIYUI.app/05_DIYUI";
			};
			name = Release;
		};
		E5DA12801DE4274A00A2C9A5 /* Debug */ = {
			isa = XCBuildConfiguration;
			buildSettings = {
				INFOPLIST_FILE = 05_DIYUIUITests/Info.plist;
				LD_RUNPATH_SEARCH_PATHS = "$(inherited) @executable_path/Frameworks @loader_path/Frameworks";
				PRODUCT_BUNDLE_IDENTIFIER = "senyint.-5-DIYUIUITests";
				PRODUCT_NAME = "$(TARGET_NAME)";
				TEST_TARGET_NAME = 05_DIYUI;
			};
			name = Debug;
		};
		E5DA12811DE4274A00A2C9A5 /* Release */ = {
			isa = XCBuildConfiguration;
			buildSettings = {
				INFOPLIST_FILE = 05_DIYUIUITests/Info.plist;
				LD_RUNPATH_SEARCH_PATHS = "$(inherited) @executable_path/Frameworks @loader_path/Frameworks";
				PRODUCT_BUNDLE_IDENTIFIER = "senyint.-5-DIYUIUITests";
				PRODUCT_NAME = "$(TARGET_NAME)";
				TEST_TARGET_NAME = 05_DIYUI;
			};
			name = Release;
		};
/* End XCBuildConfiguration section */

/* Begin XCConfigurationList section */
		E5DA12471DE4274A00A2C9A5 /* Build configuration list for PBXProject "05_DIYUI" */ = {
			isa = XCConfigurationList;
			buildConfigurations = (
				E5DA12771DE4274A00A2C9A5 /* Debug */,
				E5DA12781DE4274A00A2C9A5 /* Release */,
			);
			defaultConfigurationIsVisible = 0;
			defaultConfigurationName = Release;
		};
		E5DA12791DE4274A00A2C9A5 /* Build configuration list for PBXNativeTarget "05_DIYUI" */ = {
			isa = XCConfigurationList;
			buildConfigurations = (
				E5DA127A1DE4274A00A2C9A5 /* Debug */,
				E5DA127B1DE4274A00A2C9A5 /* Release */,
			);
			defaultConfigurationIsVisible = 0;
			defaultConfigurationName = Release;
		};
		E5DA127C1DE4274A00A2C9A5 /* Build configuration list for PBXNativeTarget "05_DIYUITests" */ = {
			isa = XCConfigurationList;
			buildConfigurations = (
				E5DA127D1DE4274A00A2C9A5 /* Debug */,
				E5DA127E1DE4274A00A2C9A5 /* Release */,
			);
			defaultConfigurationIsVisible = 0;
			defaultConfigurationName = Release;
		};
		E5DA127F1DE4274A00A2C9A5 /* Build configuration list for PBXNativeTarget "05_DIYUIUITests" */ = {
			isa = XCConfigurationList;
			buildConfigurations = (
				E5DA12801DE4274A00A2C9A5 /* Debug */,
				E5DA12811DE4274A00A2C9A5 /* Release */,
			);
			defaultConfigurationIsVisible = 0;
			defaultConfigurationName = Release;
		};
/* End XCConfigurationList section */
	};
	rootObject = E5DA12441DE4274A00A2C9A5 /* Project object */;
}
